
Microsoft Visual Studio Solution File, Format Version 12.00
# Visual Studio Version 17
VisualStudioVersion = 17.14.37411.7 d17.14
MinimumVisualStudioVersion = 10.0.40219.1
Project("{8BC9CEB8-8B4A-11D0-8D11-00A0C91BC942}") = "MoveandCut", "MoveandCut.vcxproj", "{27C0A690-8E4A-460C-9F11-4D1EFCF35C91}"
EndProject
Global
	GlobalSection(SolutionConfigurationPlatforms) = preSolution
		Debug|x64 = Debug|x64
		Debug|x86 = Debug|x86
		Release|x64 = Release|x64
		Release|x86 = Release|x86
	EndGlobalSection
	GlobalSection(ProjectConfigurationPlatforms) = postSolution
		{27C0A690-8E4A-460C-9F11-4D1EFCF35C91}.Debug|x64.ActiveCfg = Debug|x64
		{27C0A690-8E4A-460C-9F11-4D1EFCF35C91}.Debug|x64.Build.0 = Debug|x64
		{27C0A690-8E4A-460C-9F11-4D1EFCF35C91}.Debug|x86.ActiveCfg = Debug|Win32
		{27C0A690-8E4A-460C-9F11-4D1EFCF35C91}.Debug|x86.Build.0 = Debug|Win32
		{27C0A690-8E4A-460C-9F11-4D1EFCF35C91}.Release|x64.ActiveCfg = Release|x64
		{27C0A690-8E4A-460C-9F11-4D1EFCF35C91}.Release|x64.Build.0 = Release|x64
		{27C0A690-8E4A-460C-9F11-4D1EFCF35C91}.Release|x86.ActiveCfg = Release|Win32
		{27C0A690-8E4A-460C-9F11-4D1EFCF35C91}.Release|x86.Build.0 = Release|Win32
	EndGlobalSection
	GlobalSection(SolutionProperties) = preSolution
		HideSolutionNode = FALSE
	EndGlobalSection
	GlobalSection(ExtensibilityGlobals) = postSolution
		SolutionGuid = {101DF024-3F2D-4D03-90BA-37DE66D6D186}
	EndGlobalSection
EndGlobal

